{
  "name": "frontend-react-hybrid",
  "lockfileVersion": 3,
  "requires": true,
  "packages": {
    "": {
      "name": "frontend-react-hybrid",
      "hasInstallScript": true,
      "devDependencies": {
        "only-allow": "^1.2.1",
        "turbo": "^2.0.9"
      },
      "engines": {
        "node": ">=18"
      }
    },
    "node_modules/only-allow": {
      "version": "1.2.1",
      "resolved": "https://registry.npmjs.org/only-allow/-/only-allow-1.2.1.tgz",
      "integrity": "sha512-M7CJbmv7UCopc0neRKdzfoGWaVZC+xC1925GitKH9EAqYFzX9//25Q7oX4+jw0tiCCj+t5l6VZh8UPH23NZkMA==",
      "dev": true,
      "license": "MIT",
      "dependencies": {
        "which-pm-runs": "^1.1.0"
      },
      "bin": {
        "only-allow": "bin.js"
      }
    },
    "node_modules/turbo": {
      "version": "2.4.4",
      "dev": true,
      "license": "MIT",
      "bin": {
        "turbo": "bin/turbo"
      },
      "optionalDependencies": {
        "turbo-darwin-64": "2.4.4",
        "turbo-darwin-arm64": "2.4.4",
        "turbo-linux-64": "2.4.4",
        "turbo-linux-arm64": "2.4.4",
        "turbo-windows-64": "2.4.4",
        "turbo-windows-arm64": "2.4.4"
      }
    },
    "node_modules/turbo-darwin-arm64": {
      "version": "2.4.4",
      "cpu": [
        "arm64"
      ],
      "dev": true,
      "license": "MIT",
      "optional": true,
      "os": [
        "darwin"
      ]
    },
    "node_modules/which-pm-runs": {
      "version": "1.1.0",
      "resolved": "https://registry.npmjs.org/which-pm-runs/-/which-pm-runs-1.1.0.tgz",
      "integrity": "sha512-n1brCuqClxfFfq/Rb0ICg9giSZqCS+pLtccdag6C2HyufBrh3fBOiy9nb6ggRMvWOVH5GrdJskj5iGTZNxd7SA==",
      "dev": true,
      "license": "MIT",
      "engines": {
        "node": ">=4"
      }
    }
  }
}
